
Microsoft Visual Studio Solution File, Format Version 12.00
# Visual Studio 2012
Project("{FAE04EC0-301F-11D3-BF4B-00C04F79EFBC}") = "MultMediaPlayer", "MultMediaPlayer\MultMediaPlayer.csproj", "{CFF00CCB-BB0D-438F-B59C-5A5A3E31D8E2}"
EndProject
Global
	GlobalSection(SolutionConfigurationPlatforms) = preSolution
		Debug|Any CPU = Debug|Any CPU
		Release|Any CPU = Release|Any CPU
	EndGlobalSection
	GlobalSection(ProjectConfigurationPlatforms) = postSolution
		{CFF00CCB-BB0D-438F-B59C-5A5A3E31D8E2}.Debug|Any CPU.ActiveCfg = Debug|Any CPU
		{CFF00CCB-BB0D-438F-B59C-5A5A3E31D8E2}.Debug|Any CPU.Build.0 = Debug|Any CPU
		{CFF00CCB-BB0D-438F-B59C-5A5A3E31D8E2}.Release|Any CPU.ActiveCfg = Release|Any CPU
		{CFF00CCB-BB0D-438F-B59C-5A5A3E31D8E2}.Release|Any CPU.Build.0 = Release|Any CPU
	EndGlobalSection
	GlobalSection(SolutionProperties) = preSolution
		HideSolutionNode = FALSE
	EndGlobalSection
EndGlobal
